
Microsoft Visual Studio Solution File, Format Version 12.00
# Visual Studio Version 16
VisualStudioVersion = 16.0.29613.14
MinimumVisualStudioVersion = 10.0.40219.1
Project("{FAE04EC0-301F-11D3-BF4B-00C04F79EFBC}") = "SpacePort", "SpacePort\SpacePort.csproj", "{02C751E0-D5AE-4DCB-B658-D4CFEDEEFAE7}"
EndProject
Global
	GlobalSection(SolutionConfigurationPlatforms) = preSolution
		Debug|Any CPU = Debug|Any CPU
		Release|Any CPU = Release|Any CPU
	EndGlobalSection
	GlobalSection(ProjectConfigurationPlatforms) = postSolution
		{02C751E0-D5AE-4DCB-B658-D4CFEDEEFAE7}.Debug|Any CPU.ActiveCfg = Debug|Any CPU
		{02C751E0-D5AE-4DCB-B658-D4CFEDEEFAE7}.Debug|Any CPU.Build.0 = Debug|Any CPU
		{02C751E0-D5AE-4DCB-B658-D4CFEDEEFAE7}.Release|Any CPU.ActiveCfg = Release|Any CPU
		{02C751E0-D5AE-4DCB-B658-D4CFEDEEFAE7}.Release|Any CPU.Build.0 = Release|Any CPU
	EndGlobalSection
	GlobalSection(SolutionProperties) = preSolution
		HideSolutionNode = FALSE
	EndGlobalSection
	GlobalSection(ExtensibilityGlobals) = postSolution
		SolutionGuid = {236C59A3-F319-4EBF-B3E5-664D3A735A90}
	EndGlobalSection
EndGlobal
